lockfileVersion: '9.0'

settings:
  autoInstallPeers: true
  excludeLinksFromLockfile: false

importers:

  .:
    devDependencies:
      '@biomejs/biome':
        specifier: 1.9.4
        version: 1.9.4
      '@evilmartians/lefthook':
        specifier: ^1.11.1
        version: 1.11.1
      turbo:
        specifier: ^2.4.3
        version: 2.4.3
      typescript:
        specifier: ^5.7.3
        version: 5.7.3

packages:

  '@biomejs/biome@1.9.4':
    resolution: {integrity: sha512-1rkd7G70+o9KkTn5KLmDYXihGoTaIGO9PIIN2ZB7UJxFrWw04CZHPYiMRjYsaDvVV7hP1dYNRLxSANLaBFGpog==}
    engines: {node: '>=14.21.3'}
    hasBin: true

  '@biomejs/cli-darwin-arm64@1.9.4':
    resolution: {integrity: sha512-bFBsPWrNvkdKrNCYeAp+xo2HecOGPAy9WyNyB/jKnnedgzl4W4Hb9ZMzYNbf8dMCGmUdSavlYHiR01QaYR58cw==}
    engines: {node: '>=14.21.3'}
    cpu: [arm64]
    os: [darwin]

  '@biomejs/cli-darwin-x64@1.9.4':
    resolution: {integrity: sha512-ngYBh/+bEedqkSevPVhLP4QfVPCpb+4BBe2p7Xs32dBgs7rh9nY2AIYUL6BgLw1JVXV8GlpKmb/hNiuIxfPfZg==}
    engines: {node: '>=14.21.3'}
    cpu: [x64]
    os: [darwin]

  '@biomejs/cli-linux-arm64-musl@1.9.4':
    resolution: {integrity: sha512-v665Ct9WCRjGa8+kTr0CzApU0+XXtRgwmzIf1SeKSGAv+2scAlW6JR5PMFo6FzqqZ64Po79cKODKf3/AAmECqA==}
    engines: {node: '>=14.21.3'}
    cpu: [arm64]
    os: [linux]

  '@biomejs/cli-linux-arm64@1.9.4':
    resolution: {integrity: sha512-fJIW0+LYujdjUgJJuwesP4EjIBl/N/TcOX3IvIHJQNsAqvV2CHIogsmA94BPG6jZATS4Hi+xv4SkBBQSt1N4/g==}
    engines: {node: '>=14.21.3'}
    cpu: [arm64]
    os: [linux]

  '@biomejs/cli-linux-x64-musl@1.9.4':
    resolution: {integrity: sha512-gEhi/jSBhZ2m6wjV530Yy8+fNqG8PAinM3oV7CyO+6c3CEh16Eizm21uHVsyVBEB6RIM8JHIl6AGYCv6Q6Q9Tg==}
    engines: {node: '>=14.21.3'}
    cpu: [x64]
    os: [linux]

  '@biomejs/cli-linux-x64@1.9.4':
    resolution: {integrity: sha512-lRCJv/Vi3Vlwmbd6K+oQ0KhLHMAysN8lXoCI7XeHlxaajk06u7G+UsFSO01NAs5iYuWKmVZjmiOzJ0OJmGsMwg==}
    engines: {node: '>=14.21.3'}
    cpu: [x64]
    os: [linux]

  '@biomejs/cli-win32-arm64@1.9.4':
    resolution: {integrity: sha512-tlbhLk+WXZmgwoIKwHIHEBZUwxml7bRJgk0X2sPyNR3S93cdRq6XulAZRQJ17FYGGzWne0fgrXBKpl7l4M87Hg==}
    engines: {node: '>=14.21.3'}
    cpu: [arm64]
    os: [win32]

  '@biomejs/cli-win32-x64@1.9.4':
    resolution: {integrity: sha512-8Y5wMhVIPaWe6jw2H+KlEm4wP/f7EW3810ZLmDlrEEy5KvBsb9ECEfu/kMWD484ijfQ8+nIi0giMgu9g1UAuuA==}
    engines: {node: '>=14.21.3'}
    cpu: [x64]
    os: [win32]

  '@evilmartians/lefthook@1.11.1':
    resolution: {integrity: sha512-8rR2DU1R5yWWx17UCBBTjjP9Qdc1uTW3T1uc1EgROSWhOBnJIKAogpeTKWFSiwz+8pr2+47xNziiErYyLNMOkg==}
    cpu: [x64, arm64, ia32]
    os: [darwin, linux, win32]
    hasBin: true

  turbo-darwin-64@2.4.3:
    resolution: {integrity: sha512-TFKiCSJAAN8E7g8isVzocm5OaUGjXn5DVBCeIFmJ2dKe/wY64Gvw37Y5HnyKZLM2JWdEI2SkXrDLNfGMGwfXyg==}
    cpu: [x64]
    os: [darwin]

  turbo-darwin-arm64@2.4.3:
    resolution: {integrity: sha512-pRCRHe5LPyF9L0qxCMGycl2NM9OV5obrG+J4/foO/e7a0yfwMRnQ7lJdHrrT5zfEYrj0/WN0ZxsaRAqyM3qZZw==}
    cpu: [arm64]
    os: [darwin]

  turbo-linux-64@2.4.3:
    resolution: {integrity: sha512-4SZj0K1OKXFBwGe7bNVYKcNJct6mdESWfq0zEYUp2yiWPxcihMWc60aGTccI5OC54UxhS52PcrBoiKQzIB6vkA==}
    cpu: [x64]
    os: [linux]

  turbo-linux-arm64@2.4.3:
    resolution: {integrity: sha512-/wp0csB7GW6VUYsKAuMjVtvGy+Bo2g8RyE+5yx3/rD9+e8wHy0TZUiAiRtj0aeVJXiVPd/MA6u6IdxjV95/qxA==}
    cpu: [arm64]
    os: [linux]

  turbo-windows-64@2.4.3:
    resolution: {integrity: sha512-GpZl4YiIqf1eNFHys+tT9LgCfTi67TykOdI6xD7PB+oFsZisjQzhAVu/BW3oTe6lHRe0zndEQMuodP+fGAXHbA==}
    cpu: [x64]
    os: [win32]

  turbo-windows-arm64@2.4.3:
    resolution: {integrity: sha512-AjyuOdQc2wRn2C+RksQ8rhpzvvpD3FOG3hUz9S9uhE5FpgUFUynGnYgFlKVnHkL/k7aslBL4dzNE7S4UaJeywA==}
    cpu: [arm64]
    os: [win32]

  turbo@2.4.3:
    resolution: {integrity: sha512-CpUHqrLTnV9R41RiWMSj9ZNHl++I7eTUIU+pH5O5a/2fRMhiKI6JdgBszuQ2YyaZYXkZZh/oHwbgzS1pug0zMg==}
    hasBin: true

  typescript@5.7.3:
    resolution: {integrity: sha512-84MVSjMEHP+FQRPy3pX9sTVV/INIex71s9TL2Gm5FG/WG1SqXeKyZ0k7/blY/4FdOzI12CBy1vGc4og/eus0fw==}
    engines: {node: '>=14.17'}
    hasBin: true

snapshots:

  '@biomejs/biome@1.9.4':
    optionalDependencies:
      '@biomejs/cli-darwin-arm64': 1.9.4
      '@biomejs/cli-darwin-x64': 1.9.4
      '@biomejs/cli-linux-arm64': 1.9.4
      '@biomejs/cli-linux-arm64-musl': 1.9.4
      '@biomejs/cli-linux-x64': 1.9.4
      '@biomejs/cli-linux-x64-musl': 1.9.4
      '@biomejs/cli-win32-arm64': 1.9.4
      '@biomejs/cli-win32-x64': 1.9.4

  '@biomejs/cli-darwin-arm64@1.9.4':
    optional: true

  '@biomejs/cli-darwin-x64@1.9.4':
    optional: true

  '@biomejs/cli-linux-arm64-musl@1.9.4':
    optional: true

  '@biomejs/cli-linux-arm64@1.9.4':
    optional: true

  '@biomejs/cli-linux-x64-musl@1.9.4':
    optional: true

  '@biomejs/cli-linux-x64@1.9.4':
    optional: true

  '@biomejs/cli-win32-arm64@1.9.4':
    optional: true

  '@biomejs/cli-win32-x64@1.9.4':
    optional: true

  '@evilmartians/lefthook@1.11.1': {}

  turbo-darwin-64@2.4.3:
    optional: true

  turbo-darwin-arm64@2.4.3:
    optional: true

  turbo-linux-64@2.4.3:
    optional: true

  turbo-linux-arm64@2.4.3:
    optional: true

  turbo-windows-64@2.4.3:
    optional: true

  turbo-windows-arm64@2.4.3:
    optional: true

  turbo@2.4.3:
    optionalDependencies:
      turbo-darwin-64: 2.4.3
      turbo-darwin-arm64: 2.4.3
      turbo-linux-64: 2.4.3
      turbo-linux-arm64: 2.4.3
      turbo-windows-64: 2.4.3
      turbo-windows-arm64: 2.4.3

  typescript@5.7.3: {}
